{
    "_readme": [
        "This file locks the dependencies of your project to a known state",
        "Read more about it at http://getcomposer.org/doc/01-basic-usage.md#composer-lock-the-lock-file",
        "This file is @generated automatically"
    ],
    "hash": "77d070764b75518c9593531a97c23fdc",
    "packages": [
        {
            "name": "cakedc/migrations",
            "version": "2.3.5",
            "source": {
                "type": "git",
                "url": "https://github.com/CakeDC/migrations.git",
                "reference": "0d62dda64f4386fb29e68e3ba4d022aa90252aee"
            },
            "dist": {
                "type": "zip",
                "url": "https://api.github.com/repos/CakeDC/migrations/zipball/0d62dda64f4386fb29e68e3ba4d022aa90252aee",
                "reference": "0d62dda64f4386fb29e68e3ba4d022aa90252aee",
                "shasum": ""
            },
            "require": {
                "composer/installers": "*",
                "php": ">=5.2.8"
            },
            "type": "cakephp-plugin",
            "notification-url": "https://packagist.org/downloads/",
            "license": [
                "MIT"
            ],
            "authors": [
                {
                    "name": "Cake Development Corporation",
                    "email": "team@cakedc.com",
                    "homepage": "http://cakedc.com"
                }
            ],
            "description": "Migrations Plugin for CakePHP",
            "homepage": "http://cakedc.com",
            "keywords": [
                "cakephp",
                "migrations"
            ],
            "time": "2014-10-18 08:52:31"
        },
        {
            "name": "cakedc/search",
            "version": "2.5.1",
            "source": {
                "type": "git",
                "url": "https://github.com/CakeDC/search.git",
                "reference": "67632a54d69e840970fa64c31eb79936c59e5226"
            },
            "dist": {
                "type": "zip",
                "url": "https://api.github.com/repos/CakeDC/search/zipball/67632a54d69e840970fa64c31eb79936c59e5226",
                "reference": "67632a54d69e840970fa64c31eb79936c59e5226",
                "shasum": ""
            },
            "require": {
                "composer/installers": "*",
                "php": ">=5.3.0"
            },
            "type": "cakephp-plugin",
            "extra": {
                "installer-name": "Search"
            },
            "notification-url": "https://packagist.org/downloads/",
            "license": [
                "MIT"
            ],
            "authors": [
                {
                    "name": "Cake Development Corporation",
                    "email": "team@cakedc.com",
                    "homepage": "http://cakedc.com"
                }
            ],
            "description": "Search Plugin for CakePHP",
            "homepage": "http://github.com/CakeDC/search",
            "keywords": [
                "cakephp",
                "filter",
                "post-redirect-get",
                "prg",
                "search"
            ],
            "time": "2014-08-07 18:13:40"
        },
        {
            "name": "cakedc/tags",
            "version": "1.6.0",
            "source": {
                "type": "git",
                "url": "https://github.com/CakeDC/tags.git",
                "reference": "f0f1f735fbec8dd925c5925a9a4f69a3d5f6e2f8"
            },
            "dist": {
                "type": "zip",
                "url": "https://api.github.com/repos/CakeDC/tags/zipball/f0f1f735fbec8dd925c5925a9a4f69a3d5f6e2f8",
                "reference": "f0f1f735fbec8dd925c5925a9a4f69a3d5f6e2f8",
                "shasum": ""
            },
            "require": {
                "composer/installers": "*",
                "php": ">=5.3.0"
            },
            "type": "cakephp-plugin",
            "extra": {
                "installer-name": "Tags"
            },
            "notification-url": "https://packagist.org/downloads/",
            "license": [
                "MIT"
            ],
            "authors": [
                {
                    "name": "Cake Development Corporation",
                    "email": "team@cakedc.com",
                    "homepage": "http://cakedc.com"
                }
            ],
            "description": "Tags plugin for CakePHP.",
            "homepage": "http://github.com/CakeDC/tags",
            "keywords": [
                "cakephp",
                "plugin",
                "tags"
            ],
            "time": "2014-06-04 21:24:10"
        },
        {
            "name": "cakephp/cakephp",
            "version": "2.5.5",
            "source": {
                "type": "git",
                "url": "https://github.com/cakephp/cakephp.git",
                "reference": "ce98a1ff5738af6db0f42a3647aaaaa5c3773d24"
            },
            "dist": {
                "type": "zip",
                "url": "https://api.github.com/repos/cakephp/cakephp/zipball/ce98a1ff5738af6db0f42a3647aaaaa5c3773d24",
                "reference": "ce98a1ff5738af6db0f42a3647aaaaa5c3773d24",
                "shasum": ""
            },
            "require": {
                "ext-mcrypt": "*",
                "php": ">=5.2.8"
            },
            "require-dev": {
                "cakephp/debug_kit": "2.2.*",
                "phpunit/phpunit": "3.7.*"
            },
            "bin": [
                "lib/Cake/Console/cake"
            ],
            "type": "library",
            "notification-url": "https://packagist.org/downloads/",
            "license": [
                "MIT"
            ],
            "authors": [
                {
                    "name": "CakePHP Community",
                    "homepage": "https://github.com/cakephp/cakephp/graphs/contributors"
                }
            ],
            "description": "The CakePHP framework",
            "homepage": "http://cakephp.org",
            "keywords": [
                "framework"
            ],
            "time": "2014-10-05 02:59:03"
        },
        {
            "name": "cakephp/debug_kit",
            "version": "2.2.4",
            "source": {
                "type": "git",
                "url": "https://github.com/cakephp/debug_kit.git",
                "reference": "61d91e8eac30b7d6eb3d145101ea1622bd6e8c34"
            },
            "dist": {
                "type": "zip",
                "url": "https://api.github.com/repos/cakephp/debug_kit/zipball/61d91e8eac30b7d6eb3d145101ea1622bd6e8c34",
                "reference": "61d91e8eac30b7d6eb3d145101ea1622bd6e8c34",
                "shasum": ""
            },
            "require": {
                "composer/installers": "*",
                "php": ">=5.3.0"
            },
            "type": "cakephp-plugin",
            "extra": {
                "branch-alias": {
                    "dev-master": "2.2.x-dev"
                },
                "installer-name": "DebugKit"
            },
            "notification-url": "https://packagist.org/downloads/",
            "license": [
                "MIT"
            ],
            "authors": [
                {
                    "name": "Mark Story",
                    "homepage": "http://mark-story.com",
                    "role": "Author"
                },
                {
                    "name": "CakePHP Community",
                    "homepage": "https://github.com/cakephp/debug_kit/graphs/contributors"
                }
            ],
            "description": "CakePHP Debug Kit",
            "homepage": "https://github.com/cakephp/debug_kit",
            "keywords": [
                "cakephp",
                "debug",
                "kit"
            ],
            "time": "2014-07-29 01:27:30"
        },
        {
            "name": "composer/installers",
            "version": "v1.0.18",
            "source": {
                "type": "git",
                "url": "https://github.com/composer/installers.git",
                "reference": "74fb0a7a1a23696d9c8cc2fba5903f6711cdd067"
            },
            "dist": {
                "type": "zip",
                "url": "https://api.github.com/repos/composer/installers/zipball/74fb0a7a1a23696d9c8cc2fba5903f6711cdd067",
                "reference": "74fb0a7a1a23696d9c8cc2fba5903f6711cdd067",
                "shasum": ""
            },
            "replace": {
                "roundcube/plugin-installer": "*",
                "shama/baton": "*"
            },
            "require-dev": {
                "composer/composer": "1.0.*@dev",
                "phpunit/phpunit": "4.1.*"
            },
            "type": "composer-installer",
            "extra": {
                "class": "Composer\\Installers\\Installer",
                "branch-alias": {
                    "dev-master": "1.0-dev"
                }
            },
            "autoload": {
                "psr-0": {
                    "Composer\\Installers\\": "src/"
                }
            },
            "notification-url": "https://packagist.org/downloads/",
            "license": [
                "MIT"
            ],
            "authors": [
                {
                    "name": "Kyle Robinson Young",
                    "email": "kyle@dontkry.com",
                    "homepage": "https://github.com/shama"
                }
            ],
            "description": "A multi-framework Composer library installer",
            "homepage": "http://composer.github.com/installers/",
            "keywords": [
                "Craft",
                "Dolibarr",
                "Hurad",
                "MODX Evo",
                "OXID",
                "WolfCMS",
                "agl",
                "annotatecms",
                "bitrix",
                "cakephp",
                "chef",
                "codeigniter",
                "concrete5",
                "croogo",
                "drupal",
                "elgg",
                "fuelphp",
                "installer",
                "joomla",
                "kohana",
                "laravel",
                "lithium",
                "magento",
                "mako",
                "mediawiki",
                "modulework",
                "moodle",
                "phpbb",
                "piwik",
                "ppi",
                "puppet",
                "roundcube",
                "shopware",
                "silverstripe",
                "symfony",
                "typo3",
                "wordpress",
                "zend",
                "zikula"
            ],
            "time": "2014-08-18 20:00:12"
        }
    ],
    "packages-dev": [],
    "aliases": [],
    "minimum-stability": "stable",
    "stability-flags": [],
    "prefer-stable": false,
    "platform": [],
    "platform-dev": []
}
